
Microsoft Visual Studio Solution File, Format Version 12.00
# Visual Studio Version 16
VisualStudioVersion = 16.0.32106.194
MinimumVisualStudioVersion = 10.0.40219.1
Project("{888888A0-9F3D-457C-B088-3A5042F75D52}") = "cis_427_client", "cis_427_client\cis_427_client.pyproj", "{24A1CBB1-FDD1-4A31-967A-E0EFAF8EBED1}"
EndProject
Global
	GlobalSection(SolutionConfigurationPlatforms) = preSolution
		Debug|Any CPU = Debug|Any CPU
		Release|Any CPU = Release|Any CPU
	EndGlobalSection
	GlobalSection(ProjectConfigurationPlatforms) = postSolution
		{24A1CBB1-FDD1-4A31-967A-E0EFAF8EBED1}.Debug|Any CPU.ActiveCfg = Debug|Any CPU
		{24A1CBB1-FDD1-4A31-967A-E0EFAF8EBED1}.Release|Any CPU.ActiveCfg = Release|Any CPU
	EndGlobalSection
	GlobalSection(SolutionProperties) = preSolution
		HideSolutionNode = FALSE
	EndGlobalSection
	GlobalSection(ExtensibilityGlobals) = postSolution
		SolutionGuid = {85311F70-950F-43C2-ABF3-18799BC084FF}
	EndGlobalSection
EndGlobal
