
Microsoft Visual Studio Solution File, Format Version 12.00
# Visual Studio Version 16
VisualStudioVersion = 16.0.32106.194
MinimumVisualStudioVersion = 10.0.40219.1
Project("{888888A0-9F3D-457C-B088-3A5042F75D52}") = "cis 427 server", "cis 427 server\cis 427 server.pyproj", "{CBAB63CC-E6F8-425B-9DBE-CC0D1D4604A7}"
EndProject
Global
	GlobalSection(SolutionConfigurationPlatforms) = preSolution
		Debug|Any CPU = Debug|Any CPU
		Release|Any CPU = Release|Any CPU
	EndGlobalSection
	GlobalSection(ProjectConfigurationPlatforms) = postSolution
		{CBAB63CC-E6F8-425B-9DBE-CC0D1D4604A7}.Debug|Any CPU.ActiveCfg = Debug|Any CPU
		{CBAB63CC-E6F8-425B-9DBE-CC0D1D4604A7}.Release|Any CPU.ActiveCfg = Release|Any CPU
	EndGlobalSection
	GlobalSection(SolutionProperties) = preSolution
		HideSolutionNode = FALSE
	EndGlobalSection
	GlobalSection(ExtensibilityGlobals) = postSolution
		SolutionGuid = {F0F9B79B-C0CD-45F6-99EA-3B35A84CE38D}
	EndGlobalSection
EndGlobal
